
Microsoft Visual Studio Solution File, Format Version 12.00
# Visual Studio Version 17
VisualStudioVersion = 17.0.31903.59
MinimumVisualStudioVersion = 10.0.40219.1
Project("{2150E333-8FDC-42A3-9474-1A3956D46DE8}") = "src", "src", "{CF87DA2E-BD96-473C-87EC-C5A6CCE1DB87}"
EndProject
Project("{9A19103F-16F7-4668-BE54-9A1E7A4F7556}") = "Colosoft.Net", "src\Colosoft.Net\Colosoft.Net.csproj", "{9BCFBBF2-F5ED-4919-A739-B37450D26F45}"
EndProject
Global
	GlobalSection(SolutionConfigurationPlatforms) = preSolution
		Debug|Any CPU = Debug|Any CPU
		Release|Any CPU = Release|Any CPU
	EndGlobalSection
	GlobalSection(ProjectConfigurationPlatforms) = postSolution
		{9BCFBBF2-F5ED-4919-A739-B37450D26F45}.Debug|Any CPU.ActiveCfg = Debug|Any CPU
		{9BCFBBF2-F5ED-4919-A739-B37450D26F45}.Debug|Any CPU.Build.0 = Debug|Any CPU
		{9BCFBBF2-F5ED-4919-A739-B37450D26F45}.Release|Any CPU.ActiveCfg = Release|Any CPU
		{9BCFBBF2-F5ED-4919-A739-B37450D26F45}.Release|Any CPU.Build.0 = Release|Any CPU
	EndGlobalSection
	GlobalSection(SolutionProperties) = preSolution
		HideSolutionNode = FALSE
	EndGlobalSection
	GlobalSection(NestedProjects) = preSolution
		{9BCFBBF2-F5ED-4919-A739-B37450D26F45} = {CF87DA2E-BD96-473C-87EC-C5A6CCE1DB87}
	EndGlobalSection
EndGlobal
